// !$*UTF8*$!
{
	archiveVersion = 1;
	classes = {
	};
	objectVersion = 50;
	objects = {

/* Begin PBXBuildFile section */
		7DD51EFA24F680B0007CA7CC /* AppDelegate.swift in Sources */ = {isa = PBXBuildFile; fileRef = 7DD51EF924F680B0007CA7CC /* AppDelegate.swift */; };
		7DD51EFC24F680B0007CA7CC /* art.scnassets in Resources */ = {isa = PBXBuildFile; fileRef = 7DD51EFB24F680B0007CA7CC /* art.scnassets */; };
		7DD51EFE24F680B0007CA7CC /* ViewController.swift in Sources */ = {isa = PBXBuildFile; fileRef = 7DD51EFD24F680B0007CA7CC /* ViewController.swift */; };
		7DD51F0124F680B0007CA7CC /* Main.storyboard in Resources */ = {isa = PBXBuildFile; fileRef = 7DD51EFF24F680B0007CA7CC /* Main.storyboard */; };
		7DD51F0324F680B1007CA7CC /* Assets.xcassets in Resources */ = {isa = PBXBuildFile; fileRef = 7DD51F0224F680B1007CA7CC /* Assets.xcassets */; };
		7DD51F0624F680B1007CA7CC /* LaunchScreen.storyboard in Resources */ = {isa = PBXBuildFile; fileRef = 7DD51F0424F680B1007CA7CC /* LaunchScreen.storyboard */; };
/* End PBXBuildFile section */

/* Begin PBXFileReference section */
		7DD51EF624F680B0007CA7CC /* Poke3D.app */ = {isa = PBXFileReference; explicitFileType = wrapper.application; includeInIndex = 0; path = Poke3D.app; sourceTree = BUILT_PRODUCTS_DIR; };
		7DD51EF924F680B0007CA7CC /* AppDelegate.swift */ = {isa = PBXFileReference; lastKnownFileType = sourcecode.swift; path = AppDelegate.swift; sourceTree = "<group>"; };
		7DD51EFB24F680B0007CA7CC /* art.scnassets */ = {isa = PBXFileReference; lastKnownFileType = wrapper.scnassets; path = art.scnassets; sourceTree = "<group>"; };
		7DD51EFD24F680B0007CA7CC /* ViewController.swift */ = {isa = PBXFileReference; lastKnownFileType = sourcecode.swift; path = ViewController.swift; sourceTree = "<group>"; };
		7DD51F0024F680B0007CA7CC /* Base */ = {isa = PBXFileReference; lastKnownFileType = file.storyboard; name = Base; path = Base.lproj/Main.storyboard; sourceTree = "<group>"; };
		7DD51F0224F680B1007CA7CC /* Assets.xcassets */ = {isa = PBXFileReference; lastKnownFileType = folder.assetcatalog; path = Assets.xcassets; sourceTree = "<group>"; };
		7DD51F0524F680B1007CA7CC /* Base */ = {isa = PBXFileReference; lastKnownFileType = file.storyboard; name = Base; path = Base.lproj/LaunchScreen.storyboard; sourceTree = "<group>"; };
		7DD51F0724F680B1007CA7CC /* Info.plist */ = {isa = PBXFileReference; lastKnownFileType = text.plist.xml; path = Info.plist; sourceTree = "<group>"; };
/* End PBXFileReference section */

/* Begin PBXFrameworksBuildPhase section */
		7DD51EF324F680B0007CA7CC /* Frameworks */ = {
			isa = PBXFrameworksBuildPhase;
			buildActionMask = 2147483647;
			files = (
			);
			runOnlyForDeploymentPostprocessing = 0;
		};
/* End PBXFrameworksBuildPhase section */

/* Begin PBXGroup section */
		7DD51EED24F680B0007CA7CC = {
			isa = PBXGroup;
			children = (
				7DD51EF824F680B0007CA7CC /* Poke3D */,
				7DD51EF724F680B0007CA7CC /* Products */,
			);
			sourceTree = "<group>";
		};
		7DD51EF724F680B0007CA7CC /* Products */ = {
			isa = PBXGroup;
			children = (
				7DD51EF624F680B0007CA7CC /* Poke3D.app */,
			);
			name = Products;
			sourceTree = "<group>";
		};
		7DD51EF824F680B0007CA7CC /* Poke3D */ = {
			isa = PBXGroup;
			children = (
				7DD51EF924F680B0007CA7CC /* AppDelegate.swift */,
				7DD51EFB24F680B0007CA7CC /* art.scnassets */,
				7DD51EFD24F680B0007CA7CC /* ViewController.swift */,
				7DD51EFF24F680B0007CA7CC /* Main.storyboard */,
				7DD51F0224F680B1007CA7CC /* Assets.xcassets */,
				7DD51F0424F680B1007CA7CC /* LaunchScreen.storyboard */,
				7DD51F0724F680B1007CA7CC /* Info.plist */,
			);
			path = Poke3D;
			sourceTree = "<group>";
		};
/* End PBXGroup section */

/* Begin PBXNativeTarget section */
		7DD51EF524F680B0007CA7CC /* Poke3D */ = {
			isa = PBXNativeTarget;
			buildConfigurationList = 7DD51F0A24F680B1007CA7CC /* Build configuration list for PBXNativeTarget "Poke3D" */;
			buildPhases = (
				7DD51EF224F680B0007CA7CC /* Sources */,
				7DD51EF324F680B0007CA7CC /* Frameworks */,
				7DD51EF424F680B0007CA7CC /* Resources */,
			);
			buildRules = (
			);
			dependencies = (
			);
			name = Poke3D;
			productName = Poke3D;
			productReference = 7DD51EF624F680B0007CA7CC /* Poke3D.app */;
			productType = "com.apple.product-type.application";
		};
/* End PBXNativeTarget section */

/* Begin PBXProject section */
		7DD51EEE24F680B0007CA7CC /* Project object */ = {
			isa = PBXProject;
			attributes = {
				LastSwiftUpdateCheck = 1160;
				LastUpgradeCheck = 1160;
				ORGANIZATIONNAME = Jamie;
				TargetAttributes = {
					7DD51EF524F680B0007CA7CC = {
						CreatedOnToolsVersion = 11.6;
					};
				};
			};
			buildConfigurationList = 7DD51EF124F680B0007CA7CC /* Build configuration list for PBXProject "Poke3D" */;
			compatibilityVersion = "Xcode 9.3";
			developmentRegion = en;
			hasScannedForEncodings = 0;
			knownRegions = (
				en,
				Base,
			);
			mainGroup = 7DD51EED24F680B0007CA7CC;
			productRefGroup = 7DD51EF724F680B0007CA7CC /* Products */;
			projectDirPath = "";
			projectRoot = "";
			targets = (
				7DD51EF524F680B0007CA7CC /* Poke3D */,
			);
		};
/* End PBXProject section */

/* Begin PBXResourcesBuildPhase section */
		7DD51EF424F680B0007CA7CC /* Resources */ = {
			isa = PBXResourcesBuildPhase;
			buildActionMask = 2147483647;
			files = (
				7DD51EFC24F680B0007CA7CC /* art.scnassets in Resources */,
				7DD51F0624F680B1007CA7CC /* LaunchScreen.storyboard in Resources */,
				7DD51F0324F680B1007CA7CC /* Assets.xcassets in Resources */,
				7DD51F0124F680B0007CA7CC /* Main.storyboard in Resources */,
			);
			runOnlyForDeploymentPostprocessing = 0;
		};
/* End PBXResourcesBuildPhase section */

/* Begin PBXSourcesBuildPhase section */
		7DD51EF224F680B0007CA7CC /* Sources */ = {
			isa = PBXSourcesBuildPhase;
			buildActionMask = 2147483647;
			files = (
				7DD51EFE24F680B0007CA7CC /* ViewController.swift in Sources */,
				7DD51EFA24F680B0007CA7CC /* AppDelegate.swift in Sources */,
			);
			runOnlyForDeploymentPostprocessing = 0;
		};
/* End PBXSourcesBuildPhase section */

/* Begin PBXVariantGroup section */
		7DD51EFF24F680B0007CA7CC /* Main.storyboard */ = {
			isa = PBXVariantGroup;
			children = (
				7DD51F0024F680B0007CA7CC /* Base */,
			);
			name = Main.storyboard;
			sourceTree = "<group>";
		};
		7DD51F0424F680B1007CA7CC /* LaunchScreen.storyboard */ = {
			isa = PBXVariantGroup;
			children = (
				7DD51F0524F680B1007CA7CC /* Base */,
			);
			name = LaunchScreen.storyboard;
			sourceTree = "<group>";
		};
/* End PBXVariantGroup section */

/* Begin XCBuildConfiguration section */
		7DD51F0824F680B1007CA7CC /* Debug */ = {
			isa = XCBuildConfiguration;
			buildSettings = {
				ALWAYS_SEARCH_USER_PATHS = NO;
				CLANG_ANALYZER_NONNULL = YES;
				CLANG_ANALYZER_NUMBER_OBJECT_CONVERSION = YES_AGGRESSIVE;
				CLANG_CXX_LANGUAGE_STANDARD = "gnu++14";
				CLANG_CXX_LIBRARY = "libc++";
				CLANG_ENABLE_MODULES = YES;
				CLANG_ENABLE_OBJC_ARC = YES;
				CLANG_ENABLE_OBJC_WEAK = YES;
				CLANG_WARN_BLOCK_CAPTURE_AUTORELEASING = YES;
				CLANG_WARN_BOOL_CONVERSION = YES;
				CLANG_WARN_COMMA = YES;
				CLANG_WARN_CONSTANT_CONVERSION = YES;
				CLANG_WARN_DEPRECATED_OBJC_IMPLEMENTATIONS = YES;
				CLANG_WARN_DIRECT_OBJC_ISA_USAGE = YES_ERROR;
				CLANG_WARN_DOCUMENTATION_COMMENTS = YES;
				CLANG_WARN_EMPTY_BODY = YES;
				CLANG_WARN_ENUM_CONVERSION = YES;
				CLANG_WARN_INFINITE_RECURSION = YES;
				CLANG_WARN_INT_CONVERSION = YES;
				CLANG_WARN_NON_LITERAL_NULL_CONVERSION = YES;
				CLANG_WARN_OBJC_IMPLICIT_RETAIN_SELF = YES;
				CLANG_WARN_OBJC_LITERAL_CONVERSION = YES;
				CLANG_WARN_OBJC_ROOT_CLASS = YES_ERROR;
				CLANG_WARN_RANGE_LOOP_ANALYSIS = YES;
				CLANG_WARN_STRICT_PROTOTYPES = YES;
				CLANG_WARN_SUSPICIOUS_MOVE = YES;
				CLANG_WARN_UNGUARDED_AVAILABILITY = YES_AGGRESSIVE;
				CLANG_WARN_UNREACHABLE_CODE = YES;
				CLANG_WARN__DUPLICATE_METHOD_MATCH = YES;
				COPY_PHASE_STRIP = NO;
				DEBUG_INFORMATION_FORMAT = dwarf;
				ENABLE_STRICT_OBJC_MSGSEND = YES;
				ENABLE_TESTABILITY = YES;
				GCC_C_LANGUAGE_STANDARD = gnu11;
				GCC_DYNAMIC_NO_PIC = NO;
				GCC_NO_COMMON_BLOCKS = YES;
				GCC_OPTIMIZATION_LEVEL = 0;
				GCC_PREPROCESSOR_DEFINITIONS = (
					"DEBUG=1",
					"$(inherited)",
				);
				GCC_WARN_64_TO_32_BIT_CONVERSION = YES;
				GCC_WARN_ABOUT_RETURN_TYPE = YES_ERROR;
				GCC_WARN_UNDECLARED_SELECTOR = YES;
				GCC_WARN_UNINITIALIZED_AUTOS = YES_AGGRESSIVE;
				GCC_WARN_UNUSED_FUNCTION = YES;
				GCC_WARN_UNUSED_VARIABLE = YES;
				IPHONEOS_DEPLOYMENT_TARGET = 13.6;
				MTL_ENABLE_DEBUG_INFO = INCLUDE_SOURCE;
				MTL_FAST_MATH = YES;
				ONLY_ACTIVE_ARCH = YES;
				SDKROOT = iphoneos;
				SWIFT_ACTIVE_COMPILATION_CONDITIONS = DEBUG;
				SWIFT_OPTIMIZATION_LEVEL = "-Onone";
			};
			name = Debug;
		};
		7DD51F0924F680B1007CA7CC /* Release */ = {
			isa = XCBuildConfiguration;
			buildSettings = {
				ALWAYS_SEARCH_USER_PATHS = NO;
				CLANG_ANALYZER_NONNULL = YES;
				CLANG_ANALYZER_NUMBER_OBJECT_CONVERSION = YES_AGGRESSIVE;
				CLANG_CXX_LANGUAGE_STANDARD = "gnu++14";
				CLANG_CXX_LIBRARY = "libc++";
				CLANG_ENABLE_MODULES = YES;
				CLANG_ENABLE_OBJC_ARC = YES;
				CLANG_ENABLE_OBJC_WEAK = YES;
				CLANG_WARN_BLOCK_CAPTURE_AUTORELEASING = YES;
				CLANG_WARN_BOOL_CONVERSION = YES;
				CLANG_WARN_COMMA = YES;
				CLANG_WARN_CONSTANT_CONVERSION = YES;
				CLANG_WARN_DEPRECATED_OBJC_IMPLEMENTATIONS = YES;
				CLANG_WARN_DIRECT_OBJC_ISA_USAGE = YES_ERROR;
				CLANG_WARN_DOCUMENTATION_COMMENTS = YES;
				CLANG_WARN_EMPTY_BODY = YES;
				CLANG_WARN_ENUM_CONVERSION = YES;
				CLANG_WARN_INFINITE_RECURSION = YES;
				CLANG_WARN_INT_CONVERSION = YES;
				CLANG_WARN_NON_LITERAL_NULL_CONVERSION = YES;
				CLANG_WARN_OBJC_IMPLICIT_RETAIN_SELF = YES;
				CLANG_WARN_OBJC_LITERAL_CONVERSION = YES;
				CLANG_WARN_OBJC_ROOT_CLASS = YES_ERROR;
				CLANG_WARN_RANGE_LOOP_ANALYSIS = YES;
				CLANG_WARN_STRICT_PROTOTYPES = YES;
				CLANG_WARN_SUSPICIOUS_MOVE = YES;
				CLANG_WARN_UNGUARDED_AVAILABILITY = YES_AGGRESSIVE;
				CLANG_WARN_UNREACHABLE_CODE = YES;
				CLANG_WARN__DUPLICATE_METHOD_MATCH = YES;
				COPY_PHASE_STRIP = NO;
				DEBUG_INFORMATION_FORMAT = "dwarf-with-dsym";
				ENABLE_NS_ASSERTIONS = NO;
				ENABLE_STRICT_OBJC_MSGSEND = YES;
				GCC_C_LANGUAGE_STANDARD = gnu11;
				GCC_NO_COMMON_BLOCKS = YES;
				GCC_WARN_64_TO_32_BIT_CONVERSION = YES;
				GCC_WARN_ABOUT_RETURN_TYPE = YES_ERROR;
				GCC_WARN_UNDECLARED_SELECTOR = YES;
				GCC_WARN_UNINITIALIZED_AUTOS = YES_AGGRESSIVE;
				GCC_WARN_UNUSED_FUNCTION = YES;
				GCC_WARN_UNUSED_VARIABLE = YES;
				IPHONEOS_DEPLOYMENT_TARGET = 13.6;
				MTL_ENABLE_DEBUG_INFO = NO;
				MTL_FAST_MATH = YES;
				SDKROOT = iphoneos;
				SWIFT_COMPILATION_MODE = wholemodule;
				SWIFT_OPTIMIZATION_LEVEL = "-O";
				VALIDATE_PRODUCT = YES;
			};
			name = Release;
		};
		7DD51F0B24F680B1007CA7CC /* Debug */ = {
			isa = XCBuildConfiguration;
			buildSettings = {
				ASSETCATALOG_COMPILER_APPICON_NAME = AppIcon;
				CODE_SIGN_STYLE = Automatic;
				DEVELOPMENT_TEAM = PSXZ25D6SS;
				INFOPLIST_FILE = Poke3D/Info.plist;
				LD_RUNPATH_SEARCH_PATHS = (
					"$(inherited)",
					"@executable_path/Frameworks",
				);
				PRODUCT_BUNDLE_IDENTIFIER = com.letJamie.Poke3D;
				PRODUCT_NAME = "$(TARGET_NAME)";
				SWIFT_VERSION = 5.0;
				TARGETED_DEVICE_FAMILY = "1,2";
			};
			name = Debug;
		};
		7DD51F0C24F680B1007CA7CC /* Release */ = {
			isa = XCBuildConfiguration;
			buildSettings = {
				ASSETCATALOG_COMPILER_APPICON_NAME = AppIcon;
				CODE_SIGN_STYLE = Automatic;
				DEVELOPMENT_TEAM = PSXZ25D6SS;
				INFOPLIST_FILE = Poke3D/Info.plist;
				LD_RUNPATH_SEARCH_PATHS = (
					"$(inherited)",
					"@executable_path/Frameworks",
				);
				PRODUCT_BUNDLE_IDENTIFIER = com.letJamie.Poke3D;
				PRODUCT_NAME = "$(TARGET_NAME)";
				SWIFT_VERSION = 5.0;
				TARGETED_DEVICE_FAMILY = "1,2";
			};
			name = Release;
		};
/* End XCBuildConfiguration section */

/* Begin XCConfigurationList section */
		7DD51EF124F680B0007CA7CC /* Build configuration list for PBXProject "Poke3D" */ = {
			isa = XCConfigurationList;
			buildConfigurations = (
				7DD51F0824F680B1007CA7CC /* Debug */,
				7DD51F0924F680B1007CA7CC /* Release */,
			);
			defaultConfigurationIsVisible = 0;
			defaultConfigurationName = Release;
		};
		7DD51F0A24F680B1007CA7CC /* Build configuration list for PBXNativeTarget "Poke3D" */ = {
			isa = XCConfigurationList;
			buildConfigurations = (
				7DD51F0B24F680B1007CA7CC /* Debug */,
				7DD51F0C24F680B1007CA7CC /* Release */,
			);
			defaultConfigurationIsVisible = 0;
			defaultConfigurationName = Release;
		};
/* End XCConfigurationList section */
	};
	rootObject = 7DD51EEE24F680B0007CA7CC /* Project object */;
}
